{
  "name": "virtuosity-server",
  "version": "0.4.6",
  "lockfileVersion": 1,
  "requires": true,
  "dependencies": {
    "escs": {
      "version": "1.1.4",
      "resolved": "https://registry.npmjs.org/escs/-/escs-1.1.4.tgz",
      "integrity": "sha512-VadzdItzdXttKAlg9cfjiexZkmKdVsiSD7zydwV1uezIiawN5ZIVoeQZ4LcPo5Km//23CIllwT96YOY04iMQWA=="
    }
  }
}
