{
  "name": "virtuosity",
  "version": "0.14.5",
  "lockfileVersion": 2,
  "requires": true,
  "packages": {
    "": {
      "version": "0.14.5",
      "license": "ISC",
      "dependencies": {
        "@pixi/graphics-extras": "^5.3.7",
        "babylonjs": "^4.2.0",
        "babylonjs-loaders": "^4.2.0",
        "howler": "^2.2.1",
        "ocs": "^1.1.0",
        "pixi.js": "^5.3.7",
        "virtuosity-server": "*"
      }
    },
    "node_modules/@pixi/accessibility": {
      "version": "5.3.9",
      "resolved": "https://registry.npmjs.org/@pixi/accessibility/-/accessibility-5.3.9.tgz",
      "integrity": "sha512-Y0+gjfq1ZJl4O6hC6O9KMCLvjAwSy3p9motZvfYs2x2QNLPI9IAafjn2qnM2Cp/Q86ySvqD6DCvLJZ/ni9tyVQ==",
      "dependencies": {
        "@pixi/core": "5.3.9",
        "@pixi/display": "5.3.9",
        "@pixi/utils": "5.3.9"
      }
    },
    "node_modules/@pixi/app": {
      "version": "5.3.9",
      "resolved": "https://registry.npmjs.org/@pixi/app/-/app-5.3.9.tgz",
      "integrity": "sha512-5SDMFjCqX0TCMgjuDxLRNpphpIUC3mtTatw06PGf9OUgxMuRwy/PqamYArFosIhnoU4R9ubeo4dE1tQaeYniQw==",
      "dependencies": {
        "@pixi/core": "5.3.9",
        "@pixi/display": "5.3.9"
      }
    },
    "node_modules/@pixi/constants": {
      "version": "5.3.9",
      "resolved": "https://registry.npmjs.org/@pixi/constants/-/constants-5.3.9.tgz",
      "integrity": "sha512-ItYz91qkQdklsjVMHFBPjxE2qiuhv8M8A1c+j3oSBIvRR2/usjwJ24ppYe9TeISa/ONmM24EIW9u9X8WZ0fF8g=="
    },
    "node_modules/@pixi/core": {
      "version": "5.3.9",
      "resolved": "https://registry.npmjs.org/@pixi/core/-/core-5.3.9.tgz",
      "integrity": "sha512-a2W/tqbMGeaNgkcZ2F4930W6OSFwZcOza/z0U9/Pw1JQRgzpJw1ZjZWM+XP0zI0BYcAI+jQUqleBxg5lp3L9HQ==",
      "dependencies": {
        "@pixi/constants": "5.3.9",
        "@pixi/math": "5.3.9",
        "@pixi/runner": "5.3.9",
        "@pixi/settings": "5.3.9",
        "@pixi/ticker": "5.3.9",
        "@pixi/utils": "5.3.9"
      },
      "funding": {
        "type": "opencollective",
        "url": "https://opencollective.com/pixijs"
      }
    },
    "node_modules/@pixi/display": {
      "version": "5.3.9",
      "resolved": "https://registry.npmjs.org/@pixi/display/-/display-5.3.9.tgz",
      "integrity": "sha512-5oNJjZp2if+cm1Wc19OjnO5yDmJozg0ctcxonT7YV2zMkfYc3M1C8svgpkKq5zJILjwSKio2lYbTa/6pGSgtBA==",
      "dependencies": {
        "@pixi/math": "5.3.9",
        "@pixi/settings": "5.3.9",
        "@pixi/utils": "5.3.9"
      }
    },
    "node_modules/@pixi/extract": {
      "version": "5.3.9",
      "resolved": "https://registry.npmjs.org/@pixi/extract/-/extract-5.3.9.tgz",
      "integrity": "sha512-h74fAPyiRgZudysbd1Jss3uKtl89wprRxRVbTQHWzSeu382qBGPXONHmT7RIQRk4hRMAASxeWltibVtKMphelQ==",
      "dependencies": {
        "@pixi/core": "5.3.9",
        "@pixi/math": "5.3.9",
        "@pixi/utils": "5.3.9"
      }
    },
    "node_modules/@pixi/filter-alpha": {
      "version": "5.3.9",
      "resolved": "https://registry.npmjs.org/@pixi/filter-alpha/-/filter-alpha-5.3.9.tgz",
      "integrity": "sha512-qfPJeKViLl/55dGzqX7qzTXy7XLIURw8kOdr89BssoQnGLosI7gEcKXMk2ib+tKk2KYzlGCScmcx1TU+sC++xQ==",
      "dependencies": {
        "@pixi/core": "5.3.9"
      }
    },
    "node_modules/@pixi/filter-blur": {
      "version": "5.3.9",
      "resolved": "https://registry.npmjs.org/@pixi/filter-blur/-/filter-blur-5.3.9.tgz",
      "integrity": "sha512-Xr5/irGK70oF4Xw3wabeKecq9oFTZDJ/oKPKotFgG+Dxiy2DmBh+oHpOsteCJ18QLHvKLrr0AJt6AkpoNFcKnQ==",
      "dependencies": {
        "@pixi/core": "5.3.9",
        "@pixi/settings": "5.3.9"
      }
    },
    "node_modules/@pixi/filter-color-matrix": {
      "version": "5.3.9",
      "resolved": "https://registry.npmjs.org/@pixi/filter-color-matrix/-/filter-color-matrix-5.3.9.tgz",
      "integrity": "sha512-02Bj4TPhLl5PneZh9eaAhJgWjKv4HfR/4+gJxzp4/Es61aW/fz+38DD5JywmXNDV39RnUhLpvnMrbqYzdHXZIw==",
      "dependencies": {
        "@pixi/core": "5.3.9"
      }
    },
    "node_modules/@pixi/filter-displacement": {
      "version": "5.3.9",
      "resolved": "https://registry.npmjs.org/@pixi/filter-displacement/-/filter-displacement-5.3.9.tgz",
      "integrity": "sha512-VWwk1jyrS2VMprzknaqA9PqNda7TS2qp3tAVt97qadM5sRE0LzkhYvd+w4/b2TzvrHcu+0q5odmKuFuiSSE51Q==",
      "dependencies": {
        "@pixi/core": "5.3.9",
        "@pixi/math": "5.3.9"
      }
    },
    "node_modules/@pixi/filter-fxaa": {
      "version": "5.3.9",
      "resolved": "https://registry.npmjs.org/@pixi/filter-fxaa/-/filter-fxaa-5.3.9.tgz",
      "integrity": "sha512-fuOADEHVn9XVyo8o88TiPgHRQ7P3NpGkQmS95mFW9SIP//QuQ8ikj3yYuBKtNM6TsCsJe7/bTv4i7uX8l00kVQ==",
      "dependencies": {
        "@pixi/core": "5.3.9"
      }
    },
    "node_modules/@pixi/filter-noise": {
      "version": "5.3.9",
      "resolved": "https://registry.npmjs.org/@pixi/filter-noise/-/filter-noise-5.3.9.tgz",
      "integrity": "sha512-FtVbg49p0DLoaW2ua4no8ACgBJkip5yVYDqBkuZIPUP6PrXssCSjpU0w060TtcL6qQI9GpUqOBxffN3Qhn+VHg==",
      "dependencies": {
        "@pixi/core": "5.3.9"
      }
    },
    "node_modules/@pixi/graphics": {
      "version": "5.3.9",
      "resolved": "https://registry.npmjs.org/@pixi/graphics/-/graphics-5.3.9.tgz",
      "integrity": "sha512-JWzMabJI4iy3Wynv26VcgMvTN/QH6w2qoYS2WQZlA9YYPLrdIpRoArHUlSU4bAoc9AqrTuOI6Xd6xHZspLH36A==",
      "dependencies": {
        "@pixi/constants": "5.3.9",
        "@pixi/core": "5.3.9",
        "@pixi/display": "5.3.9",
        "@pixi/math": "5.3.9",
        "@pixi/sprite": "5.3.9",
        "@pixi/utils": "5.3.9"
      }
    },
    "node_modules/@pixi/graphics-extras": {
      "version": "5.3.9",
      "resolved": "https://registry.npmjs.org/@pixi/graphics-extras/-/graphics-extras-5.3.9.tgz",
      "integrity": "sha512-Yr/5Usk+xdvs+IAgtVznOESao9eNTIBT4UifNwtEikE3Hjhdod7d5q1ifStGpfCzgoFi2PouDe1XW94Y/bCVuw==",
      "dependencies": {
        "@pixi/graphics": "5.3.9"
      }
    },
    "node_modules/@pixi/interaction": {
      "version": "5.3.9",
      "resolved": "https://registry.npmjs.org/@pixi/interaction/-/interaction-5.3.9.tgz",
      "integrity": "sha512-sDxS6/MXY3zhIJKbKCwHMhO7+2hbXGydIkZtn6LtpKN2X19z69M/C9Ka+5ckPfbmrKf25ohjvcGS8xWqf0sNOw==",
      "dependencies": {
        "@pixi/core": "5.3.9",
        "@pixi/display": "5.3.9",
        "@pixi/math": "5.3.9",
        "@pixi/ticker": "5.3.9",
        "@pixi/utils": "5.3.9"
      }
    },
    "node_modules/@pixi/loaders": {
      "version": "5.3.9",
      "resolved": "https://registry.npmjs.org/@pixi/loaders/-/loaders-5.3.9.tgz",
      "integrity": "sha512-qepjJ/aup+A5do26yj13Ma3z8kKp+HhkQL2F4uPeIm019DytO8vfKntjmNzU7obw2FMKbn1PRUmX8METLC6DOA==",
      "dependencies": {
        "@pixi/core": "5.3.9",
        "@pixi/utils": "5.3.9",
        "resource-loader": "^3.0.1"
      }
    },
    "node_modules/@pixi/math": {
      "version": "5.3.9",
      "resolved": "https://registry.npmjs.org/@pixi/math/-/math-5.3.9.tgz",
      "integrity": "sha512-Ka5ypD22Te+DEx2572Zsct7mYnbl0em+lzvJBdbQnddCfvW9JBILAwULFa4Z8KxeeLT2PMCgp1wxwG1yQaiS6A=="
    },
    "node_modules/@pixi/mesh": {
      "version": "5.3.9",
      "resolved": "https://registry.npmjs.org/@pixi/mesh/-/mesh-5.3.9.tgz",
      "integrity": "sha512-fyKlk1AKJHwQ/0u+4+4nxScstreH05yHmCyDVM2fc1e9VbJy2Z7ZOueZCgguRfJrDvMqMqtkfKTWTzDvcADsYQ==",
      "dependencies": {
        "@pixi/constants": "5.3.9",
        "@pixi/core": "5.3.9",
        "@pixi/display": "5.3.9",
        "@pixi/math": "5.3.9",
        "@pixi/settings": "5.3.9",
        "@pixi/utils": "5.3.9"
      }
    },
    "node_modules/@pixi/mesh-extras": {
      "version": "5.3.9",
      "resolved": "https://registry.npmjs.org/@pixi/mesh-extras/-/mesh-extras-5.3.9.tgz",
      "integrity": "sha512-Xl7rXSjS048r8x1ZJ0s0DmKARqUhUPLp0VVhZho38IZKRFyEj1dkiOFYkamovxrVYdmZ12GvhdS74NSKiX1wEA==",
      "dependencies": {
        "@pixi/constants": "5.3.9",
        "@pixi/core": "5.3.9",
        "@pixi/math": "5.3.9",
        "@pixi/mesh": "5.3.9",
        "@pixi/utils": "5.3.9"
      }
    },
    "node_modules/@pixi/mixin-cache-as-bitmap": {
      "version": "5.3.9",
      "resolved": "https://registry.npmjs.org/@pixi/mixin-cache-as-bitmap/-/mixin-cache-as-bitmap-5.3.9.tgz",
      "integrity": "sha512-udmyHkc8FIRlHzAg29kmvSFlbkO7Q9B3G3Oxiw5g/c8L2HE45iXpasor7o0gSAz90+gwWxieBK60uDKr4vX8sQ==",
      "dependencies": {
        "@pixi/core": "5.3.9",
        "@pixi/display": "5.3.9",
        "@pixi/math": "5.3.9",
        "@pixi/settings": "5.3.9",
        "@pixi/sprite": "5.3.9",
        "@pixi/utils": "5.3.9"
      }
    },
    "node_modules/@pixi/mixin-get-child-by-name": {
      "version": "5.3.9",
      "resolved": "https://registry.npmjs.org/@pixi/mixin-get-child-by-name/-/mixin-get-child-by-name-5.3.9.tgz",
      "integrity": "sha512-rGjPrKSdr84iHMxQp26ZHYEc1BStLsNsxyQLcKCxOGZzzzP7g2X8Wwsw66Ie51U/ue4OpcxcUoGOlh88hVJtNw==",
      "dependencies": {
        "@pixi/display": "5.3.9"
      }
    },
    "node_modules/@pixi/mixin-get-global-position": {
      "version": "5.3.9",
      "resolved": "https://registry.npmjs.org/@pixi/mixin-get-global-position/-/mixin-get-global-position-5.3.9.tgz",
      "integrity": "sha512-HPhb7gI3XnO8bJonqXYt/dEesh7TD6EkLHzKq8d7GdrB+JebfK4RMwgbL6vliVQianmTzl2J/1NgZ96fKg8HAw==",
      "dependencies": {
        "@pixi/display": "5.3.9",
        "@pixi/math": "5.3.9"
      }
    },
    "node_modules/@pixi/particles": {
      "version": "5.3.9",
      "resolved": "https://registry.npmjs.org/@pixi/particles/-/particles-5.3.9.tgz",
      "integrity": "sha512-NAB3to0Om5LicwUpMeMsjxaXZYXi9mdTOgucXirf7I+RKPEp8wZg9g10esXjFjCryQYSlr2YPTpfANiK2pzdJw==",
      "dependencies": {
        "@pixi/constants": "5.3.9",
        "@pixi/core": "5.3.9",
        "@pixi/display": "5.3.9",
        "@pixi/math": "5.3.9",
        "@pixi/utils": "5.3.9"
      }
    },
    "node_modules/@pixi/polyfill": {
      "version": "5.3.9",
      "resolved": "https://registry.npmjs.org/@pixi/polyfill/-/polyfill-5.3.9.tgz",
      "integrity": "sha512-y5DLSWtIMafET1o4C1xfNyXvZGC5HZLqRoQ7ypmvjcn7owk2C+61KPV0rrH5kyK5ncWaI6utnoVyvivo/Shp8A==",
      "dependencies": {
        "es6-promise-polyfill": "^1.2.0",
        "object-assign": "^4.1.1"
      }
    },
    "node_modules/@pixi/prepare": {
      "version": "5.3.9",
      "resolved": "https://registry.npmjs.org/@pixi/prepare/-/prepare-5.3.9.tgz",
      "integrity": "sha512-ykb5YI06rYPQm5ZC8ymmVprjyno4WskRdr8DRuq/z8008ZqL1+YN0Yw/8v0aXpOdh43uPYUPHvHj77tLuV8BRQ==",
      "dependencies": {
        "@pixi/core": "5.3.9",
        "@pixi/display": "5.3.9",
        "@pixi/graphics": "5.3.9",
        "@pixi/settings": "5.3.9",
        "@pixi/text": "5.3.9",
        "@pixi/ticker": "5.3.9"
      }
    },
    "node_modules/@pixi/runner": {
      "version": "5.3.9",
      "resolved": "https://registry.npmjs.org/@pixi/runner/-/runner-5.3.9.tgz",
      "integrity": "sha512-AN36mZivER12D1wmjoAf7scjK1JLO/uA9PyzfAResccafkev4W/PtjAYODSYUbNf3SnxvQMlpdVK7NHSwnxifQ=="
    },
    "node_modules/@pixi/settings": {
      "version": "5.3.9",
      "resolved": "https://registry.npmjs.org/@pixi/settings/-/settings-5.3.9.tgz",
      "integrity": "sha512-4moUuiDOibv/Fm2QVUg2TUL/6ZmYEi6OSifV4OlzMkaoyEtpc//4YC6nm+a0zDoQ2SxCWn9ADUexkNGsKNwi6Q==",
      "dependencies": {
        "ismobilejs": "^1.1.0"
      }
    },
    "node_modules/@pixi/sprite": {
      "version": "5.3.9",
      "resolved": "https://registry.npmjs.org/@pixi/sprite/-/sprite-5.3.9.tgz",
      "integrity": "sha512-NCBl53D3OGuXyBzsDY5j4tzyMhXo9x3B9tGkZTaPamy6LFuJAHKz1rJLCft0dhQG0mCRihDHA7RVJF6t2NcQag==",
      "dependencies": {
        "@pixi/constants": "5.3.9",
        "@pixi/core": "5.3.9",
        "@pixi/display": "5.3.9",
        "@pixi/math": "5.3.9",
        "@pixi/settings": "5.3.9",
        "@pixi/utils": "5.3.9"
      }
    },
    "node_modules/@pixi/sprite-animated": {
      "version": "5.3.9",
      "resolved": "https://registry.npmjs.org/@pixi/sprite-animated/-/sprite-animated-5.3.9.tgz",
      "integrity": "sha512-8s4Y8eHMbzwDX62LuvW0E8TV5mNnLcrqYGXxh5AkY5pp2b33ob9LD6ajs9vfVAaAXLwCjNCWy6N8K7jB07NzhQ==",
      "dependencies": {
        "@pixi/core": "5.3.9",
        "@pixi/sprite": "5.3.9",
        "@pixi/ticker": "5.3.9"
      }
    },
    "node_modules/@pixi/sprite-tiling": {
      "version": "5.3.9",
      "resolved": "https://registry.npmjs.org/@pixi/sprite-tiling/-/sprite-tiling-5.3.9.tgz",
      "integrity": "sha512-3KgsYJcdR4VCHNa9vdsbrJOpAFg9ggNvGhHfU2zrZqv54b2NK1ieBLgFLXsefB2/1SYpgWjQUQ9wWzoc8Z5NXQ==",
      "dependencies": {
        "@pixi/constants": "5.3.9",
        "@pixi/core": "5.3.9",
        "@pixi/display": "5.3.9",
        "@pixi/math": "5.3.9",
        "@pixi/sprite": "5.3.9",
        "@pixi/utils": "5.3.9"
      }
    },
    "node_modules/@pixi/spritesheet": {
      "version": "5.3.9",
      "resolved": "https://registry.npmjs.org/@pixi/spritesheet/-/spritesheet-5.3.9.tgz",
      "integrity": "sha512-N7wK8qQMI8rBpLXO1QalA9HOJ8j0+jM/ZYl2JWewo8rbxKpXTllOazr8QdSaofxAhCCsmG2QBzfR//tZS+WfGg==",
      "dependencies": {
        "@pixi/core": "5.3.9",
        "@pixi/loaders": "5.3.9",
        "@pixi/math": "5.3.9",
        "@pixi/utils": "5.3.9"
      }
    },
    "node_modules/@pixi/text": {
      "version": "5.3.9",
      "resolved": "https://registry.npmjs.org/@pixi/text/-/text-5.3.9.tgz",
      "integrity": "sha512-QT1XRqLpaN0IsIHCbL8hgvRQSoHTodgvjeMCfAbp8KC0fLYxxKaD7RIU02Ito1Vl0cGON65/lg/qQMegQocgsg==",
      "dependencies": {
        "@pixi/core": "5.3.9",
        "@pixi/math": "5.3.9",
        "@pixi/settings": "5.3.9",
        "@pixi/sprite": "5.3.9",
        "@pixi/utils": "5.3.9"
      }
    },
    "node_modules/@pixi/text-bitmap": {
      "version": "5.3.9",
      "resolved": "https://registry.npmjs.org/@pixi/text-bitmap/-/text-bitmap-5.3.9.tgz",
      "integrity": "sha512-s33Y+iiiLIIe4d9Tevn8VQ9HZfmpud0GU1OdoWRhMAKiXXsoI12e+hzVS6bOS5rsD0iyyS7Bcs4zxbBezSU24A==",
      "dependencies": {
        "@pixi/core": "5.3.9",
        "@pixi/display": "5.3.9",
        "@pixi/loaders": "5.3.9",
        "@pixi/math": "5.3.9",
        "@pixi/mesh": "5.3.9",
        "@pixi/settings": "5.3.9",
        "@pixi/text": "5.3.9",
        "@pixi/utils": "5.3.9"
      }
    },
    "node_modules/@pixi/ticker": {
      "version": "5.3.9",
      "resolved": "https://registry.npmjs.org/@pixi/ticker/-/ticker-5.3.9.tgz",
      "integrity": "sha512-t7hc72X70lAp3H+m5BY6fS3U6XOdMqQrv6+5z4vfqBBr1lOuJGWUhgIpGXk0qhOl4F88LQlXkOsfk/qqUN+NCQ==",
      "dependencies": {
        "@pixi/settings": "5.3.9"
      }
    },
    "node_modules/@pixi/utils": {
      "version": "5.3.9",
      "resolved": "https://registry.npmjs.org/@pixi/utils/-/utils-5.3.9.tgz",
      "integrity": "sha512-yvwaRo9VtSTAQsEFkYHjz12h3eW5Ww8Emk6XunEOiGPlByvs7AUsDpDGcym7DcKlePszHBSDPOj6gW56pZLzdA==",
      "dependencies": {
        "@pixi/constants": "5.3.9",
        "@pixi/settings": "5.3.9",
        "earcut": "^2.1.5",
        "eventemitter3": "^3.1.0",
        "url": "^0.11.0"
      }
    },
    "node_modules/babylonjs": {
      "version": "4.2.0",
      "resolved": "https://registry.npmjs.org/babylonjs/-/babylonjs-4.2.0.tgz",
      "integrity": "sha512-4hniJzWRkV0tDTTYGEHPk1lnfWn0HIw7HOvNWPK0rpUIbJooyeD9E5uVyHnslDedt0mtrA7QZu4i2Cz1DEmSsA==",
      "engines": {
        "node": "*"
      }
    },
    "node_modules/babylonjs-gltf2interface": {
      "version": "4.2.0",
      "resolved": "https://registry.npmjs.org/babylonjs-gltf2interface/-/babylonjs-gltf2interface-4.2.0.tgz",
      "integrity": "sha512-Fn/ThxwZWP9kEAqk+9FX9CAeF4ah/I0/8wzAZR8MQuYqlYpEfM+E/IztJ+4LoOOxQYMWNs5lgj8OXSkX0tqc4g==",
      "engines": {
        "node": "*"
      }
    },
    "node_modules/babylonjs-loaders": {
      "version": "4.2.0",
      "resolved": "https://registry.npmjs.org/babylonjs-loaders/-/babylonjs-loaders-4.2.0.tgz",
      "integrity": "sha512-GGLvo4ibbSHMY0Kj/DBu4827NBWeDT0NOBi/UuifXltzqPJtJRi3PCEcELj4Ga8cRxkfYi/7PMKcce2zVnpLZA==",
      "dependencies": {
        "babylonjs": "4.2.0",
        "babylonjs-gltf2interface": "4.2.0"
      },
      "engines": {
        "node": "*"
      }
    },
    "node_modules/earcut": {
      "version": "2.2.2",
      "resolved": "https://registry.npmjs.org/earcut/-/earcut-2.2.2.tgz",
      "integrity": "sha512-eZoZPPJcUHnfRZ0PjLvx2qBordSiO8ofC3vt+qACLM95u+4DovnbYNpQtJh0DNsWj8RnxrQytD4WA8gj5cRIaQ=="
    },
    "node_modules/es6-promise-polyfill": {
      "version": "1.2.0",
      "resolved": "https://registry.npmjs.org/es6-promise-polyfill/-/es6-promise-polyfill-1.2.0.tgz",
      "integrity": "sha1-84kl8jyz4+jObNqP93T867sJDN4="
    },
    "node_modules/eventemitter3": {
      "version": "3.1.2",
      "resolved": "https://registry.npmjs.org/eventemitter3/-/eventemitter3-3.1.2.tgz",
      "integrity": "sha512-tvtQIeLVHjDkJYnzf2dgVMxfuSGJeM/7UCG17TT4EumTfNtF+0nebF/4zWOIkCreAbtNqhGEboB6BWrwqNaw4Q=="
    },
    "node_modules/howler": {
      "version": "2.2.1",
      "resolved": "https://registry.npmjs.org/howler/-/howler-2.2.1.tgz",
      "integrity": "sha512-0iIXvuBO/81CcrQ/HSSweYmbT50fT2mIc9XMFb+kxIfk2pW/iKzDbX1n3fZmDXMEIpYvyyfrB+gXwPYSDqUxIQ=="
    },
    "node_modules/ismobilejs": {
      "version": "1.1.1",
      "resolved": "https://registry.npmjs.org/ismobilejs/-/ismobilejs-1.1.1.tgz",
      "integrity": "sha512-VaFW53yt8QO61k2WJui0dHf4SlL8lxBofUuUmwBo0ljPk0Drz2TiuDW4jo3wDcv41qy/SxrJ+VAzJ/qYqsmzRw=="
    },
    "node_modules/mini-signals": {
      "version": "1.2.0",
      "resolved": "https://registry.npmjs.org/mini-signals/-/mini-signals-1.2.0.tgz",
      "integrity": "sha1-RbCAE8X65RokqhqTXNMXye1yHXQ="
    },
    "node_modules/object-assign": {
      "version": "4.1.1",
      "resolved": "https://registry.npmjs.org/object-assign/-/object-assign-4.1.1.tgz",
      "integrity": "sha1-IQmtx5ZYh8/AXLvUQsrIv7s2CGM=",
      "engines": {
        "node": ">=0.10.0"
      }
    },
    "node_modules/ocs": {
      "version": "1.1.0",
      "resolved": "https://registry.npmjs.org/ocs/-/ocs-1.1.0.tgz",
      "integrity": "sha512-NVyUhMVs6yudHbJg5MHoRmaQgdmbAacosPM24bnfR6WJSSWuUX7jhUx5XL0YRZZDaj5Xa+DSSPgNBNrbwPOLiQ=="
    },
    "node_modules/parse-uri": {
      "version": "1.0.3",
      "resolved": "https://registry.npmjs.org/parse-uri/-/parse-uri-1.0.3.tgz",
      "integrity": "sha512-upMnGxNcm+45So85HoguwZTVZI9u11i36DdxJfGF2HYWS2eh3TIx7+/tTi7qrEq15qzGkVhsKjesau+kCk48pA==",
      "engines": {
        "node": ">= 0.10"
      }
    },
    "node_modules/pixi.js": {
      "version": "5.3.9",
      "resolved": "https://registry.npmjs.org/pixi.js/-/pixi.js-5.3.9.tgz",
      "integrity": "sha512-MLczwbhFmFBXImy9TlUbjnQb8nQK3Zez/UHs2z3cBqXDLx9wSZ0kwJbeY4XAWuJNy3WeZtqKeDoteonNaDxMUQ==",
      "dependencies": {
        "@pixi/accessibility": "5.3.9",
        "@pixi/app": "5.3.9",
        "@pixi/constants": "5.3.9",
        "@pixi/core": "5.3.9",
        "@pixi/display": "5.3.9",
        "@pixi/extract": "5.3.9",
        "@pixi/filter-alpha": "5.3.9",
        "@pixi/filter-blur": "5.3.9",
        "@pixi/filter-color-matrix": "5.3.9",
        "@pixi/filter-displacement": "5.3.9",
        "@pixi/filter-fxaa": "5.3.9",
        "@pixi/filter-noise": "5.3.9",
        "@pixi/graphics": "5.3.9",
        "@pixi/interaction": "5.3.9",
        "@pixi/loaders": "5.3.9",
        "@pixi/math": "5.3.9",
        "@pixi/mesh": "5.3.9",
        "@pixi/mesh-extras": "5.3.9",
        "@pixi/mixin-cache-as-bitmap": "5.3.9",
        "@pixi/mixin-get-child-by-name": "5.3.9",
        "@pixi/mixin-get-global-position": "5.3.9",
        "@pixi/particles": "5.3.9",
        "@pixi/polyfill": "5.3.9",
        "@pixi/prepare": "5.3.9",
        "@pixi/runner": "5.3.9",
        "@pixi/settings": "5.3.9",
        "@pixi/sprite": "5.3.9",
        "@pixi/sprite-animated": "5.3.9",
        "@pixi/sprite-tiling": "5.3.9",
        "@pixi/spritesheet": "5.3.9",
        "@pixi/text": "5.3.9",
        "@pixi/text-bitmap": "5.3.9",
        "@pixi/ticker": "5.3.9",
        "@pixi/utils": "5.3.9"
      },
      "funding": {
        "type": "opencollective",
        "url": "https://opencollective.com/pixijs"
      }
    },
    "node_modules/punycode": {
      "version": "1.3.2",
      "resolved": "https://registry.npmjs.org/punycode/-/punycode-1.3.2.tgz",
      "integrity": "sha1-llOgNvt8HuQjQvIyXM7v6jkmxI0="
    },
    "node_modules/querystring": {
      "version": "0.2.0",
      "resolved": "https://registry.npmjs.org/querystring/-/querystring-0.2.0.tgz",
      "integrity": "sha1-sgmEkgO7Jd+CDadW50cAWHhSFiA=",
      "engines": {
        "node": ">=0.4.x"
      }
    },
    "node_modules/resource-loader": {
      "version": "3.0.1",
      "resolved": "https://registry.npmjs.org/resource-loader/-/resource-loader-3.0.1.tgz",
      "integrity": "sha512-fBuCRbEHdLCI1eglzQhUv9Rrdcmqkydr1r6uHE2cYHvRBrcLXeSmbE/qI/urFt8rPr/IGxir3BUwM5kUK8XoyA==",
      "dependencies": {
        "mini-signals": "^1.2.0",
        "parse-uri": "^1.0.0"
      }
    },
    "node_modules/url": {
      "version": "0.11.0",
      "resolved": "https://registry.npmjs.org/url/-/url-0.11.0.tgz",
      "integrity": "sha1-ODjpfPxgUh63PFJajlW/3Z4uKPE=",
      "dependencies": {
        "punycode": "1.3.2",
        "querystring": "0.2.0"
      }
    },
    "node_modules/virtuosity-server": {
      "version": "0.6.8",
      "resolved": "https://registry.npmjs.org/virtuosity-server/-/virtuosity-server-0.6.8.tgz",
      "integrity": "sha512-J5CNZWxqAh4bmVJHiCMQvWypmBewmbTp842slDIIUHMXGFfaPefoFEL32T0j0pUg8PV4/iyMe0auRWcZE2VoJQ=="
    }
  },
  "dependencies": {
    "@pixi/accessibility": {
      "version": "5.3.9",
      "resolved": "https://registry.npmjs.org/@pixi/accessibility/-/accessibility-5.3.9.tgz",
      "integrity": "sha512-Y0+gjfq1ZJl4O6hC6O9KMCLvjAwSy3p9motZvfYs2x2QNLPI9IAafjn2qnM2Cp/Q86ySvqD6DCvLJZ/ni9tyVQ==",
      "requires": {
        "@pixi/core": "5.3.9",
        "@pixi/display": "5.3.9",
        "@pixi/utils": "5.3.9"
      }
    },
    "@pixi/app": {
      "version": "5.3.9",
      "resolved": "https://registry.npmjs.org/@pixi/app/-/app-5.3.9.tgz",
      "integrity": "sha512-5SDMFjCqX0TCMgjuDxLRNpphpIUC3mtTatw06PGf9OUgxMuRwy/PqamYArFosIhnoU4R9ubeo4dE1tQaeYniQw==",
      "requires": {
        "@pixi/core": "5.3.9",
        "@pixi/display": "5.3.9"
      }
    },
    "@pixi/constants": {
      "version": "5.3.9",
      "resolved": "https://registry.npmjs.org/@pixi/constants/-/constants-5.3.9.tgz",
      "integrity": "sha512-ItYz91qkQdklsjVMHFBPjxE2qiuhv8M8A1c+j3oSBIvRR2/usjwJ24ppYe9TeISa/ONmM24EIW9u9X8WZ0fF8g=="
    },
    "@pixi/core": {
      "version": "5.3.9",
      "resolved": "https://registry.npmjs.org/@pixi/core/-/core-5.3.9.tgz",
      "integrity": "sha512-a2W/tqbMGeaNgkcZ2F4930W6OSFwZcOza/z0U9/Pw1JQRgzpJw1ZjZWM+XP0zI0BYcAI+jQUqleBxg5lp3L9HQ==",
      "requires": {
        "@pixi/constants": "5.3.9",
        "@pixi/math": "5.3.9",
        "@pixi/runner": "5.3.9",
        "@pixi/settings": "5.3.9",
        "@pixi/ticker": "5.3.9",
        "@pixi/utils": "5.3.9"
      }
    },
    "@pixi/display": {
      "version": "5.3.9",
      "resolved": "https://registry.npmjs.org/@pixi/display/-/display-5.3.9.tgz",
      "integrity": "sha512-5oNJjZp2if+cm1Wc19OjnO5yDmJozg0ctcxonT7YV2zMkfYc3M1C8svgpkKq5zJILjwSKio2lYbTa/6pGSgtBA==",
      "requires": {
        "@pixi/math": "5.3.9",
        "@pixi/settings": "5.3.9",
        "@pixi/utils": "5.3.9"
      }
    },
    "@pixi/extract": {
      "version": "5.3.9",
      "resolved": "https://registry.npmjs.org/@pixi/extract/-/extract-5.3.9.tgz",
      "integrity": "sha512-h74fAPyiRgZudysbd1Jss3uKtl89wprRxRVbTQHWzSeu382qBGPXONHmT7RIQRk4hRMAASxeWltibVtKMphelQ==",
      "requires": {
        "@pixi/core": "5.3.9",
        "@pixi/math": "5.3.9",
        "@pixi/utils": "5.3.9"
      }
    },
    "@pixi/filter-alpha": {
      "version": "5.3.9",
      "resolved": "https://registry.npmjs.org/@pixi/filter-alpha/-/filter-alpha-5.3.9.tgz",
      "integrity": "sha512-qfPJeKViLl/55dGzqX7qzTXy7XLIURw8kOdr89BssoQnGLosI7gEcKXMk2ib+tKk2KYzlGCScmcx1TU+sC++xQ==",
      "requires": {
        "@pixi/core": "5.3.9"
      }
    },
    "@pixi/filter-blur": {
      "version": "5.3.9",
      "resolved": "https://registry.npmjs.org/@pixi/filter-blur/-/filter-blur-5.3.9.tgz",
      "integrity": "sha512-Xr5/irGK70oF4Xw3wabeKecq9oFTZDJ/oKPKotFgG+Dxiy2DmBh+oHpOsteCJ18QLHvKLrr0AJt6AkpoNFcKnQ==",
      "requires": {
        "@pixi/core": "5.3.9",
        "@pixi/settings": "5.3.9"
      }
    },
    "@pixi/filter-color-matrix": {
      "version": "5.3.9",
      "resolved": "https://registry.npmjs.org/@pixi/filter-color-matrix/-/filter-color-matrix-5.3.9.tgz",
      "integrity": "sha512-02Bj4TPhLl5PneZh9eaAhJgWjKv4HfR/4+gJxzp4/Es61aW/fz+38DD5JywmXNDV39RnUhLpvnMrbqYzdHXZIw==",
      "requires": {
        "@pixi/core": "5.3.9"
      }
    },
    "@pixi/filter-displacement": {
      "version": "5.3.9",
      "resolved": "https://registry.npmjs.org/@pixi/filter-displacement/-/filter-displacement-5.3.9.tgz",
      "integrity": "sha512-VWwk1jyrS2VMprzknaqA9PqNda7TS2qp3tAVt97qadM5sRE0LzkhYvd+w4/b2TzvrHcu+0q5odmKuFuiSSE51Q==",
      "requires": {
        "@pixi/core": "5.3.9",
        "@pixi/math": "5.3.9"
      }
    },
    "@pixi/filter-fxaa": {
      "version": "5.3.9",
      "resolved": "https://registry.npmjs.org/@pixi/filter-fxaa/-/filter-fxaa-5.3.9.tgz",
      "integrity": "sha512-fuOADEHVn9XVyo8o88TiPgHRQ7P3NpGkQmS95mFW9SIP//QuQ8ikj3yYuBKtNM6TsCsJe7/bTv4i7uX8l00kVQ==",
      "requires": {
        "@pixi/core": "5.3.9"
      }
    },
    "@pixi/filter-noise": {
      "version": "5.3.9",
      "resolved": "https://registry.npmjs.org/@pixi/filter-noise/-/filter-noise-5.3.9.tgz",
      "integrity": "sha512-FtVbg49p0DLoaW2ua4no8ACgBJkip5yVYDqBkuZIPUP6PrXssCSjpU0w060TtcL6qQI9GpUqOBxffN3Qhn+VHg==",
      "requires": {
        "@pixi/core": "5.3.9"
      }
    },
    "@pixi/graphics": {
      "version": "5.3.9",
      "resolved": "https://registry.npmjs.org/@pixi/graphics/-/graphics-5.3.9.tgz",
      "integrity": "sha512-JWzMabJI4iy3Wynv26VcgMvTN/QH6w2qoYS2WQZlA9YYPLrdIpRoArHUlSU4bAoc9AqrTuOI6Xd6xHZspLH36A==",
      "requires": {
        "@pixi/constants": "5.3.9",
        "@pixi/core": "5.3.9",
        "@pixi/display": "5.3.9",
        "@pixi/math": "5.3.9",
        "@pixi/sprite": "5.3.9",
        "@pixi/utils": "5.3.9"
      }
    },
    "@pixi/graphics-extras": {
      "version": "5.3.9",
      "resolved": "https://registry.npmjs.org/@pixi/graphics-extras/-/graphics-extras-5.3.9.tgz",
      "integrity": "sha512-Yr/5Usk+xdvs+IAgtVznOESao9eNTIBT4UifNwtEikE3Hjhdod7d5q1ifStGpfCzgoFi2PouDe1XW94Y/bCVuw==",
      "requires": {
        "@pixi/graphics": "5.3.9"
      }
    },
    "@pixi/interaction": {
      "version": "5.3.9",
      "resolved": "https://registry.npmjs.org/@pixi/interaction/-/interaction-5.3.9.tgz",
      "integrity": "sha512-sDxS6/MXY3zhIJKbKCwHMhO7+2hbXGydIkZtn6LtpKN2X19z69M/C9Ka+5ckPfbmrKf25ohjvcGS8xWqf0sNOw==",
      "requires": {
        "@pixi/core": "5.3.9",
        "@pixi/display": "5.3.9",
        "@pixi/math": "5.3.9",
        "@pixi/ticker": "5.3.9",
        "@pixi/utils": "5.3.9"
      }
    },
    "@pixi/loaders": {
      "version": "5.3.9",
      "resolved": "https://registry.npmjs.org/@pixi/loaders/-/loaders-5.3.9.tgz",
      "integrity": "sha512-qepjJ/aup+A5do26yj13Ma3z8kKp+HhkQL2F4uPeIm019DytO8vfKntjmNzU7obw2FMKbn1PRUmX8METLC6DOA==",
      "requires": {
        "@pixi/core": "5.3.9",
        "@pixi/utils": "5.3.9",
        "resource-loader": "^3.0.1"
      }
    },
    "@pixi/math": {
      "version": "5.3.9",
      "resolved": "https://registry.npmjs.org/@pixi/math/-/math-5.3.9.tgz",
      "integrity": "sha512-Ka5ypD22Te+DEx2572Zsct7mYnbl0em+lzvJBdbQnddCfvW9JBILAwULFa4Z8KxeeLT2PMCgp1wxwG1yQaiS6A=="
    },
    "@pixi/mesh": {
      "version": "5.3.9",
      "resolved": "https://registry.npmjs.org/@pixi/mesh/-/mesh-5.3.9.tgz",
      "integrity": "sha512-fyKlk1AKJHwQ/0u+4+4nxScstreH05yHmCyDVM2fc1e9VbJy2Z7ZOueZCgguRfJrDvMqMqtkfKTWTzDvcADsYQ==",
      "requires": {
        "@pixi/constants": "5.3.9",
        "@pixi/core": "5.3.9",
        "@pixi/display": "5.3.9",
        "@pixi/math": "5.3.9",
        "@pixi/settings": "5.3.9",
        "@pixi/utils": "5.3.9"
      }
    },
    "@pixi/mesh-extras": {
      "version": "5.3.9",
      "resolved": "https://registry.npmjs.org/@pixi/mesh-extras/-/mesh-extras-5.3.9.tgz",
      "integrity": "sha512-Xl7rXSjS048r8x1ZJ0s0DmKARqUhUPLp0VVhZho38IZKRFyEj1dkiOFYkamovxrVYdmZ12GvhdS74NSKiX1wEA==",
      "requires": {
        "@pixi/constants": "5.3.9",
        "@pixi/core": "5.3.9",
        "@pixi/math": "5.3.9",
        "@pixi/mesh": "5.3.9",
        "@pixi/utils": "5.3.9"
      }
    },
    "@pixi/mixin-cache-as-bitmap": {
      "version": "5.3.9",
      "resolved": "https://registry.npmjs.org/@pixi/mixin-cache-as-bitmap/-/mixin-cache-as-bitmap-5.3.9.tgz",
      "integrity": "sha512-udmyHkc8FIRlHzAg29kmvSFlbkO7Q9B3G3Oxiw5g/c8L2HE45iXpasor7o0gSAz90+gwWxieBK60uDKr4vX8sQ==",
      "requires": {
        "@pixi/core": "5.3.9",
        "@pixi/display": "5.3.9",
        "@pixi/math": "5.3.9",
        "@pixi/settings": "5.3.9",
        "@pixi/sprite": "5.3.9",
        "@pixi/utils": "5.3.9"
      }
    },
    "@pixi/mixin-get-child-by-name": {
      "version": "5.3.9",
      "resolved": "https://registry.npmjs.org/@pixi/mixin-get-child-by-name/-/mixin-get-child-by-name-5.3.9.tgz",
      "integrity": "sha512-rGjPrKSdr84iHMxQp26ZHYEc1BStLsNsxyQLcKCxOGZzzzP7g2X8Wwsw66Ie51U/ue4OpcxcUoGOlh88hVJtNw==",
      "requires": {
        "@pixi/display": "5.3.9"
      }
    },
    "@pixi/mixin-get-global-position": {
      "version": "5.3.9",
      "resolved": "https://registry.npmjs.org/@pixi/mixin-get-global-position/-/mixin-get-global-position-5.3.9.tgz",
      "integrity": "sha512-HPhb7gI3XnO8bJonqXYt/dEesh7TD6EkLHzKq8d7GdrB+JebfK4RMwgbL6vliVQianmTzl2J/1NgZ96fKg8HAw==",
      "requires": {
        "@pixi/display": "5.3.9",
        "@pixi/math": "5.3.9"
      }
    },
    "@pixi/particles": {
      "version": "5.3.9",
      "resolved": "https://registry.npmjs.org/@pixi/particles/-/particles-5.3.9.tgz",
      "integrity": "sha512-NAB3to0Om5LicwUpMeMsjxaXZYXi9mdTOgucXirf7I+RKPEp8wZg9g10esXjFjCryQYSlr2YPTpfANiK2pzdJw==",
      "requires": {
        "@pixi/constants": "5.3.9",
        "@pixi/core": "5.3.9",
        "@pixi/display": "5.3.9",
        "@pixi/math": "5.3.9",
        "@pixi/utils": "5.3.9"
      }
    },
    "@pixi/polyfill": {
      "version": "5.3.9",
      "resolved": "https://registry.npmjs.org/@pixi/polyfill/-/polyfill-5.3.9.tgz",
      "integrity": "sha512-y5DLSWtIMafET1o4C1xfNyXvZGC5HZLqRoQ7ypmvjcn7owk2C+61KPV0rrH5kyK5ncWaI6utnoVyvivo/Shp8A==",
      "requires": {
        "es6-promise-polyfill": "^1.2.0",
        "object-assign": "^4.1.1"
      }
    },
    "@pixi/prepare": {
      "version": "5.3.9",
      "resolved": "https://registry.npmjs.org/@pixi/prepare/-/prepare-5.3.9.tgz",
      "integrity": "sha512-ykb5YI06rYPQm5ZC8ymmVprjyno4WskRdr8DRuq/z8008ZqL1+YN0Yw/8v0aXpOdh43uPYUPHvHj77tLuV8BRQ==",
      "requires": {
        "@pixi/core": "5.3.9",
        "@pixi/display": "5.3.9",
        "@pixi/graphics": "5.3.9",
        "@pixi/settings": "5.3.9",
        "@pixi/text": "5.3.9",
        "@pixi/ticker": "5.3.9"
      }
    },
    "@pixi/runner": {
      "version": "5.3.9",
      "resolved": "https://registry.npmjs.org/@pixi/runner/-/runner-5.3.9.tgz",
      "integrity": "sha512-AN36mZivER12D1wmjoAf7scjK1JLO/uA9PyzfAResccafkev4W/PtjAYODSYUbNf3SnxvQMlpdVK7NHSwnxifQ=="
    },
    "@pixi/settings": {
      "version": "5.3.9",
      "resolved": "https://registry.npmjs.org/@pixi/settings/-/settings-5.3.9.tgz",
      "integrity": "sha512-4moUuiDOibv/Fm2QVUg2TUL/6ZmYEi6OSifV4OlzMkaoyEtpc//4YC6nm+a0zDoQ2SxCWn9ADUexkNGsKNwi6Q==",
      "requires": {
        "ismobilejs": "^1.1.0"
      }
    },
    "@pixi/sprite": {
      "version": "5.3.9",
      "resolved": "https://registry.npmjs.org/@pixi/sprite/-/sprite-5.3.9.tgz",
      "integrity": "sha512-NCBl53D3OGuXyBzsDY5j4tzyMhXo9x3B9tGkZTaPamy6LFuJAHKz1rJLCft0dhQG0mCRihDHA7RVJF6t2NcQag==",
      "requires": {
        "@pixi/constants": "5.3.9",
        "@pixi/core": "5.3.9",
        "@pixi/display": "5.3.9",
        "@pixi/math": "5.3.9",
        "@pixi/settings": "5.3.9",
        "@pixi/utils": "5.3.9"
      }
    },
    "@pixi/sprite-animated": {
      "version": "5.3.9",
      "resolved": "https://registry.npmjs.org/@pixi/sprite-animated/-/sprite-animated-5.3.9.tgz",
      "integrity": "sha512-8s4Y8eHMbzwDX62LuvW0E8TV5mNnLcrqYGXxh5AkY5pp2b33ob9LD6ajs9vfVAaAXLwCjNCWy6N8K7jB07NzhQ==",
      "requires": {
        "@pixi/core": "5.3.9",
        "@pixi/sprite": "5.3.9",
        "@pixi/ticker": "5.3.9"
      }
    },
    "@pixi/sprite-tiling": {
      "version": "5.3.9",
      "resolved": "https://registry.npmjs.org/@pixi/sprite-tiling/-/sprite-tiling-5.3.9.tgz",
      "integrity": "sha512-3KgsYJcdR4VCHNa9vdsbrJOpAFg9ggNvGhHfU2zrZqv54b2NK1ieBLgFLXsefB2/1SYpgWjQUQ9wWzoc8Z5NXQ==",
      "requires": {
        "@pixi/constants": "5.3.9",
        "@pixi/core": "5.3.9",
        "@pixi/display": "5.3.9",
        "@pixi/math": "5.3.9",
        "@pixi/sprite": "5.3.9",
        "@pixi/utils": "5.3.9"
      }
    },
    "@pixi/spritesheet": {
      "version": "5.3.9",
      "resolved": "https://registry.npmjs.org/@pixi/spritesheet/-/spritesheet-5.3.9.tgz",
      "integrity": "sha512-N7wK8qQMI8rBpLXO1QalA9HOJ8j0+jM/ZYl2JWewo8rbxKpXTllOazr8QdSaofxAhCCsmG2QBzfR//tZS+WfGg==",
      "requires": {
        "@pixi/core": "5.3.9",
        "@pixi/loaders": "5.3.9",
        "@pixi/math": "5.3.9",
        "@pixi/utils": "5.3.9"
      }
    },
    "@pixi/text": {
      "version": "5.3.9",
      "resolved": "https://registry.npmjs.org/@pixi/text/-/text-5.3.9.tgz",
      "integrity": "sha512-QT1XRqLpaN0IsIHCbL8hgvRQSoHTodgvjeMCfAbp8KC0fLYxxKaD7RIU02Ito1Vl0cGON65/lg/qQMegQocgsg==",
      "requires": {
        "@pixi/core": "5.3.9",
        "@pixi/math": "5.3.9",
        "@pixi/settings": "5.3.9",
        "@pixi/sprite": "5.3.9",
        "@pixi/utils": "5.3.9"
      }
    },
    "@pixi/text-bitmap": {
      "version": "5.3.9",
      "resolved": "https://registry.npmjs.org/@pixi/text-bitmap/-/text-bitmap-5.3.9.tgz",
      "integrity": "sha512-s33Y+iiiLIIe4d9Tevn8VQ9HZfmpud0GU1OdoWRhMAKiXXsoI12e+hzVS6bOS5rsD0iyyS7Bcs4zxbBezSU24A==",
      "requires": {
        "@pixi/core": "5.3.9",
        "@pixi/display": "5.3.9",
        "@pixi/loaders": "5.3.9",
        "@pixi/math": "5.3.9",
        "@pixi/mesh": "5.3.9",
        "@pixi/settings": "5.3.9",
        "@pixi/text": "5.3.9",
        "@pixi/utils": "5.3.9"
      }
    },
    "@pixi/ticker": {
      "version": "5.3.9",
      "resolved": "https://registry.npmjs.org/@pixi/ticker/-/ticker-5.3.9.tgz",
      "integrity": "sha512-t7hc72X70lAp3H+m5BY6fS3U6XOdMqQrv6+5z4vfqBBr1lOuJGWUhgIpGXk0qhOl4F88LQlXkOsfk/qqUN+NCQ==",
      "requires": {
        "@pixi/settings": "5.3.9"
      }
    },
    "@pixi/utils": {
      "version": "5.3.9",
      "resolved": "https://registry.npmjs.org/@pixi/utils/-/utils-5.3.9.tgz",
      "integrity": "sha512-yvwaRo9VtSTAQsEFkYHjz12h3eW5Ww8Emk6XunEOiGPlByvs7AUsDpDGcym7DcKlePszHBSDPOj6gW56pZLzdA==",
      "requires": {
        "@pixi/constants": "5.3.9",
        "@pixi/settings": "5.3.9",
        "earcut": "^2.1.5",
        "eventemitter3": "^3.1.0",
        "url": "^0.11.0"
      }
    },
    "babylonjs": {
      "version": "4.2.0",
      "resolved": "https://registry.npmjs.org/babylonjs/-/babylonjs-4.2.0.tgz",
      "integrity": "sha512-4hniJzWRkV0tDTTYGEHPk1lnfWn0HIw7HOvNWPK0rpUIbJooyeD9E5uVyHnslDedt0mtrA7QZu4i2Cz1DEmSsA=="
    },
    "babylonjs-gltf2interface": {
      "version": "4.2.0",
      "resolved": "https://registry.npmjs.org/babylonjs-gltf2interface/-/babylonjs-gltf2interface-4.2.0.tgz",
      "integrity": "sha512-Fn/ThxwZWP9kEAqk+9FX9CAeF4ah/I0/8wzAZR8MQuYqlYpEfM+E/IztJ+4LoOOxQYMWNs5lgj8OXSkX0tqc4g=="
    },
    "babylonjs-loaders": {
      "version": "4.2.0",
      "resolved": "https://registry.npmjs.org/babylonjs-loaders/-/babylonjs-loaders-4.2.0.tgz",
      "integrity": "sha512-GGLvo4ibbSHMY0Kj/DBu4827NBWeDT0NOBi/UuifXltzqPJtJRi3PCEcELj4Ga8cRxkfYi/7PMKcce2zVnpLZA==",
      "requires": {
        "babylonjs": "4.2.0",
        "babylonjs-gltf2interface": "4.2.0"
      }
    },
    "earcut": {
      "version": "2.2.2",
      "resolved": "https://registry.npmjs.org/earcut/-/earcut-2.2.2.tgz",
      "integrity": "sha512-eZoZPPJcUHnfRZ0PjLvx2qBordSiO8ofC3vt+qACLM95u+4DovnbYNpQtJh0DNsWj8RnxrQytD4WA8gj5cRIaQ=="
    },
    "es6-promise-polyfill": {
      "version": "1.2.0",
      "resolved": "https://registry.npmjs.org/es6-promise-polyfill/-/es6-promise-polyfill-1.2.0.tgz",
      "integrity": "sha1-84kl8jyz4+jObNqP93T867sJDN4="
    },
    "eventemitter3": {
      "version": "3.1.2",
      "resolved": "https://registry.npmjs.org/eventemitter3/-/eventemitter3-3.1.2.tgz",
      "integrity": "sha512-tvtQIeLVHjDkJYnzf2dgVMxfuSGJeM/7UCG17TT4EumTfNtF+0nebF/4zWOIkCreAbtNqhGEboB6BWrwqNaw4Q=="
    },
    "howler": {
      "version": "2.2.1",
      "resolved": "https://registry.npmjs.org/howler/-/howler-2.2.1.tgz",
      "integrity": "sha512-0iIXvuBO/81CcrQ/HSSweYmbT50fT2mIc9XMFb+kxIfk2pW/iKzDbX1n3fZmDXMEIpYvyyfrB+gXwPYSDqUxIQ=="
    },
    "ismobilejs": {
      "version": "1.1.1",
      "resolved": "https://registry.npmjs.org/ismobilejs/-/ismobilejs-1.1.1.tgz",
      "integrity": "sha512-VaFW53yt8QO61k2WJui0dHf4SlL8lxBofUuUmwBo0ljPk0Drz2TiuDW4jo3wDcv41qy/SxrJ+VAzJ/qYqsmzRw=="
    },
    "mini-signals": {
      "version": "1.2.0",
      "resolved": "https://registry.npmjs.org/mini-signals/-/mini-signals-1.2.0.tgz",
      "integrity": "sha1-RbCAE8X65RokqhqTXNMXye1yHXQ="
    },
    "object-assign": {
      "version": "4.1.1",
      "resolved": "https://registry.npmjs.org/object-assign/-/object-assign-4.1.1.tgz",
      "integrity": "sha1-IQmtx5ZYh8/AXLvUQsrIv7s2CGM="
    },
    "ocs": {
      "version": "1.1.0",
      "resolved": "https://registry.npmjs.org/ocs/-/ocs-1.1.0.tgz",
      "integrity": "sha512-NVyUhMVs6yudHbJg5MHoRmaQgdmbAacosPM24bnfR6WJSSWuUX7jhUx5XL0YRZZDaj5Xa+DSSPgNBNrbwPOLiQ=="
    },
    "parse-uri": {
      "version": "1.0.3",
      "resolved": "https://registry.npmjs.org/parse-uri/-/parse-uri-1.0.3.tgz",
      "integrity": "sha512-upMnGxNcm+45So85HoguwZTVZI9u11i36DdxJfGF2HYWS2eh3TIx7+/tTi7qrEq15qzGkVhsKjesau+kCk48pA=="
    },
    "pixi.js": {
      "version": "5.3.9",
      "resolved": "https://registry.npmjs.org/pixi.js/-/pixi.js-5.3.9.tgz",
      "integrity": "sha512-MLczwbhFmFBXImy9TlUbjnQb8nQK3Zez/UHs2z3cBqXDLx9wSZ0kwJbeY4XAWuJNy3WeZtqKeDoteonNaDxMUQ==",
      "requires": {
        "@pixi/accessibility": "5.3.9",
        "@pixi/app": "5.3.9",
        "@pixi/constants": "5.3.9",
        "@pixi/core": "5.3.9",
        "@pixi/display": "5.3.9",
        "@pixi/extract": "5.3.9",
        "@pixi/filter-alpha": "5.3.9",
        "@pixi/filter-blur": "5.3.9",
        "@pixi/filter-color-matrix": "5.3.9",
        "@pixi/filter-displacement": "5.3.9",
        "@pixi/filter-fxaa": "5.3.9",
        "@pixi/filter-noise": "5.3.9",
        "@pixi/graphics": "5.3.9",
        "@pixi/interaction": "5.3.9",
        "@pixi/loaders": "5.3.9",
        "@pixi/math": "5.3.9",
        "@pixi/mesh": "5.3.9",
        "@pixi/mesh-extras": "5.3.9",
        "@pixi/mixin-cache-as-bitmap": "5.3.9",
        "@pixi/mixin-get-child-by-name": "5.3.9",
        "@pixi/mixin-get-global-position": "5.3.9",
        "@pixi/particles": "5.3.9",
        "@pixi/polyfill": "5.3.9",
        "@pixi/prepare": "5.3.9",
        "@pixi/runner": "5.3.9",
        "@pixi/settings": "5.3.9",
        "@pixi/sprite": "5.3.9",
        "@pixi/sprite-animated": "5.3.9",
        "@pixi/sprite-tiling": "5.3.9",
        "@pixi/spritesheet": "5.3.9",
        "@pixi/text": "5.3.9",
        "@pixi/text-bitmap": "5.3.9",
        "@pixi/ticker": "5.3.9",
        "@pixi/utils": "5.3.9"
      }
    },
    "punycode": {
      "version": "1.3.2",
      "resolved": "https://registry.npmjs.org/punycode/-/punycode-1.3.2.tgz",
      "integrity": "sha1-llOgNvt8HuQjQvIyXM7v6jkmxI0="
    },
    "querystring": {
      "version": "0.2.0",
      "resolved": "https://registry.npmjs.org/querystring/-/querystring-0.2.0.tgz",
      "integrity": "sha1-sgmEkgO7Jd+CDadW50cAWHhSFiA="
    },
    "resource-loader": {
      "version": "3.0.1",
      "resolved": "https://registry.npmjs.org/resource-loader/-/resource-loader-3.0.1.tgz",
      "integrity": "sha512-fBuCRbEHdLCI1eglzQhUv9Rrdcmqkydr1r6uHE2cYHvRBrcLXeSmbE/qI/urFt8rPr/IGxir3BUwM5kUK8XoyA==",
      "requires": {
        "mini-signals": "^1.2.0",
        "parse-uri": "^1.0.0"
      }
    },
    "url": {
      "version": "0.11.0",
      "resolved": "https://registry.npmjs.org/url/-/url-0.11.0.tgz",
      "integrity": "sha1-ODjpfPxgUh63PFJajlW/3Z4uKPE=",
      "requires": {
        "punycode": "1.3.2",
        "querystring": "0.2.0"
      }
    },
    "virtuosity-server": {
      "version": "0.6.8",
      "resolved": "https://registry.npmjs.org/virtuosity-server/-/virtuosity-server-0.6.8.tgz",
      "integrity": "sha512-J5CNZWxqAh4bmVJHiCMQvWypmBewmbTp842slDIIUHMXGFfaPefoFEL32T0j0pUg8PV4/iyMe0auRWcZE2VoJQ=="
    }
  }
}
